
Microsoft Visual Studio Solution File, Format Version 12.00
# Visual Studio Version 16
VisualStudioVersion = 16.0.31025.218
MinimumVisualStudioVersion = 10.0.40219.1
Project("{9A19103F-16F7-4668-BE54-9A1E7A4F7556}") = "ReleaseRetention", "ReleaseRetention\ReleaseRetention.csproj", "{F91863C9-944C-4583-8084-51196EFAEE09}"
EndProject
Project("{9A19103F-16F7-4668-BE54-9A1E7A4F7556}") = "ReleaseRetention.Library", "ReleaseRetention.Library\ReleaseRetention.Library.csproj", "{B62FA038-EAE9-4EA5-9A11-0C7D2FC9AAE5}"
EndProject
Project("{9A19103F-16F7-4668-BE54-9A1E7A4F7556}") = "ReleaseRetention.Tests", "ReleaseRetention.Tests\ReleaseRetention.Tests.csproj", "{D3EE5E12-6B02-4788-A575-C737D656E1E8}"
EndProject
Project("{2150E333-8FDC-42A3-9474-1A3956D46DE8}") = "Solution Items", "Solution Items", "{2D377053-69C0-420A-8039-2791D5A62910}"
	ProjectSection(SolutionItems) = preProject
		Assumptions - Improvements.md = Assumptions - Improvements.md
		Start Here - Instructions - Release Retention.md = Start Here - Instructions - Release Retention.md
	EndProjectSection
EndProject
Global
	GlobalSection(SolutionConfigurationPlatforms) = preSolution
		Debug|Any CPU = Debug|Any CPU
		Release|Any CPU = Release|Any CPU
	EndGlobalSection
	GlobalSection(ProjectConfigurationPlatforms) = postSolution
		{F91863C9-944C-4583-8084-51196EFAEE09}.Debug|Any CPU.ActiveCfg = Debug|Any CPU
		{F91863C9-944C-4583-8084-51196EFAEE09}.Debug|Any CPU.Build.0 = Debug|Any CPU
		{F91863C9-944C-4583-8084-51196EFAEE09}.Release|Any CPU.ActiveCfg = Release|Any CPU
		{F91863C9-944C-4583-8084-51196EFAEE09}.Release|Any CPU.Build.0 = Release|Any CPU
		{B62FA038-EAE9-4EA5-9A11-0C7D2FC9AAE5}.Debug|Any CPU.ActiveCfg = Debug|Any CPU
		{B62FA038-EAE9-4EA5-9A11-0C7D2FC9AAE5}.Debug|Any CPU.Build.0 = Debug|Any CPU
		{B62FA038-EAE9-4EA5-9A11-0C7D2FC9AAE5}.Release|Any CPU.ActiveCfg = Release|Any CPU
		{B62FA038-EAE9-4EA5-9A11-0C7D2FC9AAE5}.Release|Any CPU.Build.0 = Release|Any CPU
		{D3EE5E12-6B02-4788-A575-C737D656E1E8}.Debug|Any CPU.ActiveCfg = Debug|Any CPU
		{D3EE5E12-6B02-4788-A575-C737D656E1E8}.Debug|Any CPU.Build.0 = Debug|Any CPU
		{D3EE5E12-6B02-4788-A575-C737D656E1E8}.Release|Any CPU.ActiveCfg = Release|Any CPU
		{D3EE5E12-6B02-4788-A575-C737D656E1E8}.Release|Any CPU.Build.0 = Release|Any CPU
	EndGlobalSection
	GlobalSection(SolutionProperties) = preSolution
		HideSolutionNode = FALSE
	EndGlobalSection
	GlobalSection(ExtensibilityGlobals) = postSolution
		SolutionGuid = {A18CBF29-F051-42B5-BD91-E61071707EE7}
	EndGlobalSection
EndGlobal
